
Microsoft Visual Studio Solution File, Format Version 12.00
# Visual Studio Version 17
VisualStudioVersion = 17.0.32112.339
MinimumVisualStudioVersion = 10.0.40219.1
Project("{FAE04EC0-301F-11D3-BF4B-00C04F79EFBC}") = "project", "project\project.csproj", "{EA29F387-4BB2-4781-8686-278AAC336307}"
EndProject
Global
	GlobalSection(SolutionConfigurationPlatforms) = preSolution
		Debug|Any CPU = Debug|Any CPU
		Release|Any CPU = Release|Any CPU
	EndGlobalSection
	GlobalSection(ProjectConfigurationPlatforms) = postSolution
		{EA29F387-4BB2-4781-8686-278AAC336307}.Debug|Any CPU.ActiveCfg = Debug|Any CPU
		{EA29F387-4BB2-4781-8686-278AAC336307}.Debug|Any CPU.Build.0 = Debug|Any CPU
		{EA29F387-4BB2-4781-8686-278AAC336307}.Release|Any CPU.ActiveCfg = Release|Any CPU
		{EA29F387-4BB2-4781-8686-278AAC336307}.Release|Any CPU.Build.0 = Release|Any CPU
	EndGlobalSection
	GlobalSection(SolutionProperties) = preSolution
		HideSolutionNode = FALSE
	EndGlobalSection
	GlobalSection(ExtensibilityGlobals) = postSolution
		SolutionGuid = {99859F1D-C188-4F95-B8F3-AE213FF5CF4B}
	EndGlobalSection
EndGlobal
